
Microsoft Visual Studio Solution File, Format Version 12.00
# Visual Studio 15
Project("{FAE04EC0-301F-11D3-BF4B-00C04F79EFBC}") = "AppD_IoT_CSharp", "AppD_IoT_CSharp\AppD_IoT_CSharp.csproj", "{FED51843-6D56-4E08-A02B-2D1EAD6D556D}"
EndProject
Project("{FAE04EC0-301F-11D3-BF4B-00C04F79EFBC}") = "AppD_IoT_CSharp_Test", "AppD_IoT_CSharp_Test\AppD_IoT_CSharp_Test.csproj", "{F21EE691-1B2A-44EF-8EA5-178EE3B0076F}"
EndProject
Global
	GlobalSection(SolutionConfigurationPlatforms) = preSolution
		Debug|Any CPU = Debug|Any CPU
		Release|Any CPU = Release|Any CPU
	EndGlobalSection
	GlobalSection(ProjectConfigurationPlatforms) = postSolution
		{FED51843-6D56-4E08-A02B-2D1EAD6D556D}.Debug|Any CPU.ActiveCfg = Debug|Any CPU
		{FED51843-6D56-4E08-A02B-2D1EAD6D556D}.Debug|Any CPU.Build.0 = Debug|Any CPU
		{FED51843-6D56-4E08-A02B-2D1EAD6D556D}.Release|Any CPU.ActiveCfg = Release|Any CPU
		{FED51843-6D56-4E08-A02B-2D1EAD6D556D}.Release|Any CPU.Build.0 = Release|Any CPU
		{F21EE691-1B2A-44EF-8EA5-178EE3B0076F}.Debug|Any CPU.ActiveCfg = Debug|Any CPU
		{F21EE691-1B2A-44EF-8EA5-178EE3B0076F}.Debug|Any CPU.Build.0 = Debug|Any CPU
		{F21EE691-1B2A-44EF-8EA5-178EE3B0076F}.Release|Any CPU.ActiveCfg = Release|Any CPU
		{F21EE691-1B2A-44EF-8EA5-178EE3B0076F}.Release|Any CPU.Build.0 = Release|Any CPU
	EndGlobalSection
EndGlobal
